// !$*UTF8*$!
{
	archiveVersion = 1;
	classes = {
	};
	objectVersion = 46;
	objects = {

/* Begin PBXBuildFile section */
		C2905E661E25817E00C7C9D7 /* AppDelegate.swift in Sources */ = {isa = PBXBuildFile; fileRef = C2905E651E25817E00C7C9D7 /* AppDelegate.swift */; };
		C2905E681E25817E00C7C9D7 /* ViewController.swift in Sources */ = {isa = PBXBuildFile; fileRef = C2905E671E25817E00C7C9D7 /* ViewController.swift */; };
		C2905E6B1E25817E00C7C9D7 /* Main.storyboard in Resources */ = {isa = PBXBuildFile; fileRef = C2905E691E25817E00C7C9D7 /* Main.storyboard */; };
		C2905E6E1E25817E00C7C9D7 /* LocalNotification.xcdatamodeld in Sources */ = {isa = PBXBuildFile; fileRef = C2905E6C1E25817E00C7C9D7 /* LocalNotification.xcdatamodeld */; };
		C2905E701E25817E00C7C9D7 /* Assets.xcassets in Resources */ = {isa = PBXBuildFile; fileRef = C2905E6F1E25817E00C7C9D7 /* Assets.xcassets */; };
		C2905E731E25817E00C7C9D7 /* LaunchScreen.storyboard in Resources */ = {isa = PBXBuildFile; fileRef = C2905E711E25817E00C7C9D7 /* LaunchScreen.storyboard */; };
/* End PBXBuildFile section */

/* Begin PBXFileReference section */
		C2905E621E25817E00C7C9D7 /* LocalNotification.app */ = {isa = PBXFileReference; explicitFileType = wrapper.application; includeInIndex = 0; path = LocalNotification.app; sourceTree = BUILT_PRODUCTS_DIR; };
		C2905E651E25817E00C7C9D7 /* AppDelegate.swift */ = {isa = PBXFileReference; lastKnownFileType = sourcecode.swift; path = AppDelegate.swift; sourceTree = "<group>"; };
		C2905E671E25817E00C7C9D7 /* ViewController.swift */ = {isa = PBXFileReference; lastKnownFileType = sourcecode.swift; path = ViewController.swift; sourceTree = "<group>"; };
		C2905E6A1E25817E00C7C9D7 /* Base */ = {isa = PBXFileReference; lastKnownFileType = file.storyboard; name = Base; path = Base.lproj/Main.storyboard; sourceTree = "<group>"; };
		C2905E6D1E25817E00C7C9D7 /* LocalNotification.xcdatamodel */ = {isa = PBXFileReference; lastKnownFileType = wrapper.xcdatamodel; path = LocalNotification.xcdatamodel; sourceTree = "<group>"; };
		C2905E6F1E25817E00C7C9D7 /* Assets.xcassets */ = {isa = PBXFileReference; lastKnownFileType = folder.assetcatalog; path = Assets.xcassets; sourceTree = "<group>"; };
		C2905E721E25817E00C7C9D7 /* Base */ = {isa = PBXFileReference; lastKnownFileType = file.storyboard; name = Base; path = Base.lproj/LaunchScreen.storyboard; sourceTree = "<group>"; };
		C2905E741E25817E00C7C9D7 /* Info.plist */ = {isa = PBXFileReference; lastKnownFileType = text.plist.xml; path = Info.plist; sourceTree = "<group>"; };
/* End PBXFileReference section */

/* Begin PBXFrameworksBuildPhase section */
		C2905E5F1E25817E00C7C9D7 /* Frameworks */ = {
			isa = PBXFrameworksBuildPhase;
			buildActionMask = 2147483647;
			files = (
			);
			runOnlyForDeploymentPostprocessing = 0;
		};
/* End PBXFrameworksBuildPhase section */

/* Begin PBXGroup section */
		C2905E591E25817E00C7C9D7 = {
			isa = PBXGroup;
			children = (
				C2905E641E25817E00C7C9D7 /* LocalNotification */,
				C2905E631E25817E00C7C9D7 /* Products */,
			);
			sourceTree = "<group>";
		};
		C2905E631E25817E00C7C9D7 /* Products */ = {
			isa = PBXGroup;
			children = (
				C2905E621E25817E00C7C9D7 /* LocalNotification.app */,
			);
			name = Products;
			sourceTree = "<group>";
		};
		C2905E641E25817E00C7C9D7 /* LocalNotification */ = {
			isa = PBXGroup;
			children = (
				C2905E651E25817E00C7C9D7 /* AppDelegate.swift */,
				C2905E671E25817E00C7C9D7 /* ViewController.swift */,
				C2905E691E25817E00C7C9D7 /* Main.storyboard */,
				C2905E6F1E25817E00C7C9D7 /* Assets.xcassets */,
				C2905E711E25817E00C7C9D7 /* LaunchScreen.storyboard */,
				C2905E741E25817E00C7C9D7 /* Info.plist */,
				C2905E6C1E25817E00C7C9D7 /* LocalNotification.xcdatamodeld */,
			);
			path = LocalNotification;
			sourceTree = "<group>";
		};
/* End PBXGroup section */

/* Begin PBXNativeTarget section */
		C2905E611E25817E00C7C9D7 /* LocalNotification */ = {
			isa = PBXNativeTarget;
			buildConfigurationList = C2905E771E25817E00C7C9D7 /* Build configuration list for PBXNativeTarget "LocalNotification" */;
			buildPhases = (
				C2905E5E1E25817E00C7C9D7 /* Sources */,
				C2905E5F1E25817E00C7C9D7 /* Frameworks */,
				C2905E601E25817E00C7C9D7 /* Resources */,
			);
			buildRules = (
			);
			dependencies = (
			);
			name = LocalNotification;
			productName = LocalNotification;
			productReference = C2905E621E25817E00C7C9D7 /* LocalNotification.app */;
			productType = "com.apple.product-type.application";
		};
/* End PBXNativeTarget section */

/* Begin PBXProject section */
		C2905E5A1E25817E00C7C9D7 /* Project object */ = {
			isa = PBXProject;
			attributes = {
				LastSwiftUpdateCheck = 0820;
				LastUpgradeCheck = 0820;
				ORGANIZATIONNAME = "Jay Messina";
				TargetAttributes = {
					C2905E611E25817E00C7C9D7 = {
						CreatedOnToolsVersion = 8.2.1;
						DevelopmentTeam = 36T7HY36LZ;
						ProvisioningStyle = Automatic;
					};
				};
			};
			buildConfigurationList = C2905E5D1E25817E00C7C9D7 /* Build configuration list for PBXProject "LocalNotification" */;
			compatibilityVersion = "Xcode 3.2";
			developmentRegion = English;
			hasScannedForEncodings = 0;
			knownRegions = (
				en,
				Base,
			);
			mainGroup = C2905E591E25817E00C7C9D7;
			productRefGroup = C2905E631E25817E00C7C9D7 /* Products */;
			projectDirPath = "";
			projectRoot = "";
			targets = (
				C2905E611E25817E00C7C9D7 /* LocalNotification */,
			);
		};
/* End PBXProject section */

/* Begin PBXResourcesBuildPhase section */
		C2905E601E25817E00C7C9D7 /* Resources */ = {
			isa = PBXResourcesBuildPhase;
			buildActionMask = 2147483647;
			files = (
				C2905E731E25817E00C7C9D7 /* LaunchScreen.storyboard in Resources */,
				C2905E701E25817E00C7C9D7 /* Assets.xcassets in Resources */,
				C2905E6B1E25817E00C7C9D7 /* Main.storyboard in Resources */,
			);
			runOnlyForDeploymentPostprocessing = 0;
		};
/* End PBXResourcesBuildPhase section */

/* Begin PBXSourcesBuildPhase section */
		C2905E5E1E25817E00C7C9D7 /* Sources */ = {
			isa = PBXSourcesBuildPhase;
			buildActionMask = 2147483647;
			files = (
				C2905E681E25817E00C7C9D7 /* ViewController.swift in Sources */,
				C2905E6E1E25817E00C7C9D7 /* LocalNotification.xcdatamodeld in Sources */,
				C2905E661E25817E00C7C9D7 /* AppDelegate.swift in Sources */,
			);
			runOnlyForDeploymentPostprocessing = 0;
		};
/* End PBXSourcesBuildPhase section */

/* Begin PBXVariantGroup section */
		C2905E691E25817E00C7C9D7 /* Main.storyboard */ = {
			isa = PBXVariantGroup;
			children = (
				C2905E6A1E25817E00C7C9D7 /* Base */,
			);
			name = Main.storyboard;
			sourceTree = "<group>";
		};
		C2905E711E25817E00C7C9D7 /* LaunchScreen.storyboard */ = {
			isa = PBXVariantGroup;
			children = (
				C2905E721E25817E00C7C9D7 /* Base */,
			);
			name = LaunchScreen.storyboard;
			sourceTree = "<group>";
		};
/* End PBXVariantGroup section */

/* Begin XCBuildConfiguration section */
		C2905E751E25817E00C7C9D7 /* Debug */ = {
			isa = XCBuildConfiguration;
			buildSettings = {
				ALWAYS_SEARCH_USER_PATHS = NO;
				CLANG_ANALYZER_NONNULL = YES;
				CLANG_CXX_LANGUAGE_STANDARD = "gnu++0x";
				CLANG_CXX_LIBRARY = "libc++";
				CLANG_ENABLE_MODULES = YES;
				CLANG_ENABLE_OBJC_ARC = YES;
				CLANG_WARN_BOOL_CONVERSION = YES;
				CLANG_WARN_CONSTANT_CONVERSION = YES;
				CLANG_WARN_DIRECT_OBJC_ISA_USAGE = YES_ERROR;
				CLANG_WARN_DOCUMENTATION_COMMENTS = YES;
				CLANG_WARN_EMPTY_BODY = YES;
				CLANG_WARN_ENUM_CONVERSION = YES;
				CLANG_WARN_INFINITE_RECURSION = YES;
				CLANG_WARN_INT_CONVERSION = YES;
				CLANG_WARN_OBJC_ROOT_CLASS = YES_ERROR;
				CLANG_WARN_SUSPICIOUS_MOVE = YES;
				CLANG_WARN_UNREACHABLE_CODE = YES;
				CLANG_WARN__DUPLICATE_METHOD_MATCH = YES;
				"CODE_SIGN_IDENTITY[sdk=iphoneos*]" = "iPhone Developer";
				COPY_PHASE_STRIP = NO;
				DEBUG_INFORMATION_FORMAT = dwarf;
				ENABLE_STRICT_OBJC_MSGSEND = YES;
				ENABLE_TESTABILITY = YES;
				GCC_C_LANGUAGE_STANDARD = gnu99;
				GCC_DYNAMIC_NO_PIC = NO;
				GCC_NO_COMMON_BLOCKS = YES;
				GCC_OPTIMIZATION_LEVEL = 0;
				GCC_PREPROCESSOR_DEFINITIONS = (
					"DEBUG=1",
					"$(inherited)",
				);
				GCC_WARN_64_TO_32_BIT_CONVERSION = YES;
				GCC_WARN_ABOUT_RETURN_TYPE = YES_ERROR;
				GCC_WARN_UNDECLARED_SELECTOR = YES;
				GCC_WARN_UNINITIALIZED_AUTOS = YES_AGGRESSIVE;
				GCC_WARN_UNUSED_FUNCTION = YES;
				GCC_WARN_UNUSED_VARIABLE = YES;
				IPHONEOS_DEPLOYMENT_TARGET = 10.2;
				MTL_ENABLE_DEBUG_INFO = YES;
				ONLY_ACTIVE_ARCH = YES;
				SDKROOT = iphoneos;
				SWIFT_ACTIVE_COMPILATION_CONDITIONS = DEBUG;
				SWIFT_OPTIMIZATION_LEVEL = "-Onone";
			};
			name = Debug;
		};
		C2905E761E25817E00C7C9D7 /* Release */ = {
			isa = XCBuildConfiguration;
			buildSettings = {
				ALWAYS_SEARCH_USER_PATHS = NO;
				CLANG_ANALYZER_NONNULL = YES;
				CLANG_CXX_LANGUAGE_STANDARD = "gnu++0x";
				CLANG_CXX_LIBRARY = "libc++";
				CLANG_ENABLE_MODULES = YES;
				CLANG_ENABLE_OBJC_ARC = YES;
				CLANG_WARN_BOOL_CONVERSION = YES;
				CLANG_WARN_CONSTANT_CONVERSION = YES;
				CLANG_WARN_DIRECT_OBJC_ISA_USAGE = YES_ERROR;
				CLANG_WARN_DOCUMENTATION_COMMENTS = YES;
				CLANG_WARN_EMPTY_BODY = YES;
				CLANG_WARN_ENUM_CONVERSION = YES;
				CLANG_WARN_INFINITE_RECURSION = YES;
				CLANG_WARN_INT_CONVERSION = YES;
				CLANG_WARN_OBJC_ROOT_CLASS = YES_ERROR;
				CLANG_WARN_SUSPICIOUS_MOVE = YES;
				CLANG_WARN_UNREACHABLE_CODE = YES;
				CLANG_WARN__DUPLICATE_METHOD_MATCH = YES;
				"CODE_SIGN_IDENTITY[sdk=iphoneos*]" = "iPhone Developer";
				COPY_PHASE_STRIP = NO;
				DEBUG_INFORMATION_FORMAT = "dwarf-with-dsym";
				ENABLE_NS_ASSERTIONS = NO;
				ENABLE_STRICT_OBJC_MSGSEND = YES;
				GCC_C_LANGUAGE_STANDARD = gnu99;
				GCC_NO_COMMON_BLOCKS = YES;
				GCC_WARN_64_TO_32_BIT_CONVERSION = YES;
				GCC_WARN_ABOUT_RETURN_TYPE = YES_ERROR;
				GCC_WARN_UNDECLARED_SELECTOR = YES;
				GCC_WARN_UNINITIALIZED_AUTOS = YES_AGGRESSIVE;
				GCC_WARN_UNUSED_FUNCTION = YES;
				GCC_WARN_UNUSED_VARIABLE = YES;
				IPHONEOS_DEPLOYMENT_TARGET = 10.2;
				MTL_ENABLE_DEBUG_INFO = NO;
				SDKROOT = iphoneos;
				SWIFT_OPTIMIZATION_LEVEL = "-Owholemodule";
				VALIDATE_PRODUCT = YES;
			};
			name = Release;
		};
		C2905E781E25817E00C7C9D7 /* Debug */ = {
			isa = XCBuildConfiguration;
			buildSettings = {
				ASSETCATALOG_COMPILER_APPICON_NAME = AppIcon;
				DEVELOPMENT_TEAM = 36T7HY36LZ;
				INFOPLIST_FILE = LocalNotification/Info.plist;
				LD_RUNPATH_SEARCH_PATHS = "$(inherited) @executable_path/Frameworks";
				PRODUCT_BUNDLE_IDENTIFIER = com.jaymessina.LocalNotification;
				PRODUCT_NAME = "$(TARGET_NAME)";
				SWIFT_VERSION = 3.0;
			};
			name = Debug;
		};
		C2905E791E25817E00C7C9D7 /* Release */ = {
			isa = XCBuildConfiguration;
			buildSettings = {
				ASSETCATALOG_COMPILER_APPICON_NAME = AppIcon;
				DEVELOPMENT_TEAM = 36T7HY36LZ;
				INFOPLIST_FILE = LocalNotification/Info.plist;
				LD_RUNPATH_SEARCH_PATHS = "$(inherited) @executable_path/Frameworks";
				PRODUCT_BUNDLE_IDENTIFIER = com.jaymessina.LocalNotification;
				PRODUCT_NAME = "$(TARGET_NAME)";
				SWIFT_VERSION = 3.0;
			};
			name = Release;
		};
/* End XCBuildConfiguration section */

/* Begin XCConfigurationList section */
		C2905E5D1E25817E00C7C9D7 /* Build configuration list for PBXProject "LocalNotification" */ = {
			isa = XCConfigurationList;
			buildConfigurations = (
				C2905E751E25817E00C7C9D7 /* Debug */,
				C2905E761E25817E00C7C9D7 /* Release */,
			);
			defaultConfigurationIsVisible = 0;
			defaultConfigurationName = Release;
		};
		C2905E771E25817E00C7C9D7 /* Build configuration list for PBXNativeTarget "LocalNotification" */ = {
			isa = XCConfigurationList;
			buildConfigurations = (
				C2905E781E25817E00C7C9D7 /* Debug */,
				C2905E791E25817E00C7C9D7 /* Release */,
			);
			defaultConfigurationIsVisible = 0;
		};
/* End XCConfigurationList section */

/* Begin XCVersionGroup section */
		C2905E6C1E25817E00C7C9D7 /* LocalNotification.xcdatamodeld */ = {
			isa = XCVersionGroup;
			children = (
				C2905E6D1E25817E00C7C9D7 /* LocalNotification.xcdatamodel */,
			);
			currentVersion = C2905E6D1E25817E00C7C9D7 /* LocalNotification.xcdatamodel */;
			path = LocalNotification.xcdatamodeld;
			sourceTree = "<group>";
			versionGroupType = wrapper.xcdatamodel;
		};
/* End XCVersionGroup section */
	};
	rootObject = C2905E5A1E25817E00C7C9D7 /* Project object */;
}
