// !$*UTF8*$!
{
	archiveVersion = 1;
	classes = {
	};
	objectVersion = 46;
	objects = {

/* Begin PBXBuildFile section */
		C29E36C71E3132C9009275AF /* AppDelegate.swift in Sources */ = {isa = PBXBuildFile; fileRef = C29E36C61E3132C9009275AF /* AppDelegate.swift */; };
		C29E36C91E3132C9009275AF /* ViewController.swift in Sources */ = {isa = PBXBuildFile; fileRef = C29E36C81E3132C9009275AF /* ViewController.swift */; };
		C29E36CC1E3132C9009275AF /* Main.storyboard in Resources */ = {isa = PBXBuildFile; fileRef = C29E36CA1E3132C9009275AF /* Main.storyboard */; };
		C29E36CF1E3132C9009275AF /* FourthMealApp.xcdatamodeld in Sources */ = {isa = PBXBuildFile; fileRef = C29E36CD1E3132C9009275AF /* FourthMealApp.xcdatamodeld */; };
		C29E36D11E3132C9009275AF /* Assets.xcassets in Resources */ = {isa = PBXBuildFile; fileRef = C29E36D01E3132C9009275AF /* Assets.xcassets */; };
		C29E36D41E3132C9009275AF /* LaunchScreen.storyboard in Resources */ = {isa = PBXBuildFile; fileRef = C29E36D21E3132C9009275AF /* LaunchScreen.storyboard */; };
		C29E36DC1E313565009275AF /* stevenson.jpg in Resources */ = {isa = PBXBuildFile; fileRef = C29E36DB1E313565009275AF /* stevenson.jpg */; };
		C29E36DE1E313778009275AF /* squirrel.png in Resources */ = {isa = PBXBuildFile; fileRef = C29E36DD1E313778009275AF /* squirrel.png */; };
		C29E36E01E31386E009275AF /* Dascomb_1.png in Resources */ = {isa = PBXBuildFile; fileRef = C29E36DF1E31386E009275AF /* Dascomb_1.png */; };
/* End PBXBuildFile section */

/* Begin PBXFileReference section */
		C29E36C31E3132C9009275AF /* FourthMealApp.app */ = {isa = PBXFileReference; explicitFileType = wrapper.application; includeInIndex = 0; path = FourthMealApp.app; sourceTree = BUILT_PRODUCTS_DIR; };
		C29E36C61E3132C9009275AF /* AppDelegate.swift */ = {isa = PBXFileReference; lastKnownFileType = sourcecode.swift; path = AppDelegate.swift; sourceTree = "<group>"; };
		C29E36C81E3132C9009275AF /* ViewController.swift */ = {isa = PBXFileReference; lastKnownFileType = sourcecode.swift; path = ViewController.swift; sourceTree = "<group>"; };
		C29E36CB1E3132C9009275AF /* Base */ = {isa = PBXFileReference; lastKnownFileType = file.storyboard; name = Base; path = Base.lproj/Main.storyboard; sourceTree = "<group>"; };
		C29E36CE1E3132C9009275AF /* FourthMealApp.xcdatamodel */ = {isa = PBXFileReference; lastKnownFileType = wrapper.xcdatamodel; path = FourthMealApp.xcdatamodel; sourceTree = "<group>"; };
		C29E36D01E3132C9009275AF /* Assets.xcassets */ = {isa = PBXFileReference; lastKnownFileType = folder.assetcatalog; path = Assets.xcassets; sourceTree = "<group>"; };
		C29E36D31E3132C9009275AF /* Base */ = {isa = PBXFileReference; lastKnownFileType = file.storyboard; name = Base; path = Base.lproj/LaunchScreen.storyboard; sourceTree = "<group>"; };
		C29E36D51E3132C9009275AF /* Info.plist */ = {isa = PBXFileReference; lastKnownFileType = text.plist.xml; path = Info.plist; sourceTree = "<group>"; };
		C29E36DB1E313565009275AF /* stevenson.jpg */ = {isa = PBXFileReference; lastKnownFileType = image.jpeg; path = stevenson.jpg; sourceTree = "<group>"; };
		C29E36DD1E313778009275AF /* squirrel.png */ = {isa = PBXFileReference; lastKnownFileType = image.png; path = squirrel.png; sourceTree = "<group>"; };
		C29E36DF1E31386E009275AF /* Dascomb_1.png */ = {isa = PBXFileReference; lastKnownFileType = image.png; path = Dascomb_1.png; sourceTree = "<group>"; };
/* End PBXFileReference section */

/* Begin PBXFrameworksBuildPhase section */
		C29E36C01E3132C9009275AF /* Frameworks */ = {
			isa = PBXFrameworksBuildPhase;
			buildActionMask = 2147483647;
			files = (
			);
			runOnlyForDeploymentPostprocessing = 0;
		};
/* End PBXFrameworksBuildPhase section */

/* Begin PBXGroup section */
		C29E36BA1E3132C8009275AF = {
			isa = PBXGroup;
			children = (
				C29E36C51E3132C9009275AF /* FourthMealApp */,
				C29E36C41E3132C9009275AF /* Products */,
			);
			sourceTree = "<group>";
		};
		C29E36C41E3132C9009275AF /* Products */ = {
			isa = PBXGroup;
			children = (
				C29E36C31E3132C9009275AF /* FourthMealApp.app */,
			);
			name = Products;
			sourceTree = "<group>";
		};
		C29E36C51E3132C9009275AF /* FourthMealApp */ = {
			isa = PBXGroup;
			children = (
				C29E36DF1E31386E009275AF /* Dascomb_1.png */,
				C29E36DD1E313778009275AF /* squirrel.png */,
				C29E36DB1E313565009275AF /* stevenson.jpg */,
				C29E36C61E3132C9009275AF /* AppDelegate.swift */,
				C29E36C81E3132C9009275AF /* ViewController.swift */,
				C29E36CA1E3132C9009275AF /* Main.storyboard */,
				C29E36D01E3132C9009275AF /* Assets.xcassets */,
				C29E36D21E3132C9009275AF /* LaunchScreen.storyboard */,
				C29E36D51E3132C9009275AF /* Info.plist */,
				C29E36CD1E3132C9009275AF /* FourthMealApp.xcdatamodeld */,
			);
			path = FourthMealApp;
			sourceTree = "<group>";
		};
/* End PBXGroup section */

/* Begin PBXNativeTarget section */
		C29E36C21E3132C9009275AF /* FourthMealApp */ = {
			isa = PBXNativeTarget;
			buildConfigurationList = C29E36D81E3132C9009275AF /* Build configuration list for PBXNativeTarget "FourthMealApp" */;
			buildPhases = (
				C29E36BF1E3132C9009275AF /* Sources */,
				C29E36C01E3132C9009275AF /* Frameworks */,
				C29E36C11E3132C9009275AF /* Resources */,
			);
			buildRules = (
			);
			dependencies = (
			);
			name = FourthMealApp;
			productName = FourthMealApp;
			productReference = C29E36C31E3132C9009275AF /* FourthMealApp.app */;
			productType = "com.apple.product-type.application";
		};
/* End PBXNativeTarget section */

/* Begin PBXProject section */
		C29E36BB1E3132C8009275AF /* Project object */ = {
			isa = PBXProject;
			attributes = {
				LastSwiftUpdateCheck = 0820;
				LastUpgradeCheck = 0820;
				ORGANIZATIONNAME = "Jay Messina";
				TargetAttributes = {
					C29E36C21E3132C9009275AF = {
						CreatedOnToolsVersion = 8.2.1;
						DevelopmentTeam = 36T7HY36LZ;
						ProvisioningStyle = Automatic;
					};
				};
			};
			buildConfigurationList = C29E36BE1E3132C8009275AF /* Build configuration list for PBXProject "FourthMealApp" */;
			compatibilityVersion = "Xcode 3.2";
			developmentRegion = English;
			hasScannedForEncodings = 0;
			knownRegions = (
				en,
				Base,
			);
			mainGroup = C29E36BA1E3132C8009275AF;
			productRefGroup = C29E36C41E3132C9009275AF /* Products */;
			projectDirPath = "";
			projectRoot = "";
			targets = (
				C29E36C21E3132C9009275AF /* FourthMealApp */,
			);
		};
/* End PBXProject section */

/* Begin PBXResourcesBuildPhase section */
		C29E36C11E3132C9009275AF /* Resources */ = {
			isa = PBXResourcesBuildPhase;
			buildActionMask = 2147483647;
			files = (
				C29E36D41E3132C9009275AF /* LaunchScreen.storyboard in Resources */,
				C29E36E01E31386E009275AF /* Dascomb_1.png in Resources */,
				C29E36DE1E313778009275AF /* squirrel.png in Resources */,
				C29E36DC1E313565009275AF /* stevenson.jpg in Resources */,
				C29E36D11E3132C9009275AF /* Assets.xcassets in Resources */,
				C29E36CC1E3132C9009275AF /* Main.storyboard in Resources */,
			);
			runOnlyForDeploymentPostprocessing = 0;
		};
/* End PBXResourcesBuildPhase section */

/* Begin PBXSourcesBuildPhase section */
		C29E36BF1E3132C9009275AF /* Sources */ = {
			isa = PBXSourcesBuildPhase;
			buildActionMask = 2147483647;
			files = (
				C29E36C91E3132C9009275AF /* ViewController.swift in Sources */,
				C29E36C71E3132C9009275AF /* AppDelegate.swift in Sources */,
				C29E36CF1E3132C9009275AF /* FourthMealApp.xcdatamodeld in Sources */,
			);
			runOnlyForDeploymentPostprocessing = 0;
		};
/* End PBXSourcesBuildPhase section */

/* Begin PBXVariantGroup section */
		C29E36CA1E3132C9009275AF /* Main.storyboard */ = {
			isa = PBXVariantGroup;
			children = (
				C29E36CB1E3132C9009275AF /* Base */,
			);
			name = Main.storyboard;
			sourceTree = "<group>";
		};
		C29E36D21E3132C9009275AF /* LaunchScreen.storyboard */ = {
			isa = PBXVariantGroup;
			children = (
				C29E36D31E3132C9009275AF /* Base */,
			);
			name = LaunchScreen.storyboard;
			sourceTree = "<group>";
		};
/* End PBXVariantGroup section */

/* Begin XCBuildConfiguration section */
		C29E36D61E3132C9009275AF /* Debug */ = {
			isa = XCBuildConfiguration;
			buildSettings = {
				ALWAYS_SEARCH_USER_PATHS = NO;
				CLANG_ANALYZER_NONNULL = YES;
				CLANG_CXX_LANGUAGE_STANDARD = "gnu++0x";
				CLANG_CXX_LIBRARY = "libc++";
				CLANG_ENABLE_MODULES = YES;
				CLANG_ENABLE_OBJC_ARC = YES;
				CLANG_WARN_BOOL_CONVERSION = YES;
				CLANG_WARN_CONSTANT_CONVERSION = YES;
				CLANG_WARN_DIRECT_OBJC_ISA_USAGE = YES_ERROR;
				CLANG_WARN_DOCUMENTATION_COMMENTS = YES;
				CLANG_WARN_EMPTY_BODY = YES;
				CLANG_WARN_ENUM_CONVERSION = YES;
				CLANG_WARN_INFINITE_RECURSION = YES;
				CLANG_WARN_INT_CONVERSION = YES;
				CLANG_WARN_OBJC_ROOT_CLASS = YES_ERROR;
				CLANG_WARN_SUSPICIOUS_MOVE = YES;
				CLANG_WARN_UNREACHABLE_CODE = YES;
				CLANG_WARN__DUPLICATE_METHOD_MATCH = YES;
				"CODE_SIGN_IDENTITY[sdk=iphoneos*]" = "iPhone Developer";
				COPY_PHASE_STRIP = NO;
				DEBUG_INFORMATION_FORMAT = dwarf;
				ENABLE_STRICT_OBJC_MSGSEND = YES;
				ENABLE_TESTABILITY = YES;
				GCC_C_LANGUAGE_STANDARD = gnu99;
				GCC_DYNAMIC_NO_PIC = NO;
				GCC_NO_COMMON_BLOCKS = YES;
				GCC_OPTIMIZATION_LEVEL = 0;
				GCC_PREPROCESSOR_DEFINITIONS = (
					"DEBUG=1",
					"$(inherited)",
				);
				GCC_WARN_64_TO_32_BIT_CONVERSION = YES;
				GCC_WARN_ABOUT_RETURN_TYPE = YES_ERROR;
				GCC_WARN_UNDECLARED_SELECTOR = YES;
				GCC_WARN_UNINITIALIZED_AUTOS = YES_AGGRESSIVE;
				GCC_WARN_UNUSED_FUNCTION = YES;
				GCC_WARN_UNUSED_VARIABLE = YES;
				IPHONEOS_DEPLOYMENT_TARGET = 10.2;
				MTL_ENABLE_DEBUG_INFO = YES;
				ONLY_ACTIVE_ARCH = YES;
				SDKROOT = iphoneos;
				SWIFT_ACTIVE_COMPILATION_CONDITIONS = DEBUG;
				SWIFT_OPTIMIZATION_LEVEL = "-Onone";
			};
			name = Debug;
		};
		C29E36D71E3132C9009275AF /* Release */ = {
			isa = XCBuildConfiguration;
			buildSettings = {
				ALWAYS_SEARCH_USER_PATHS = NO;
				CLANG_ANALYZER_NONNULL = YES;
				CLANG_CXX_LANGUAGE_STANDARD = "gnu++0x";
				CLANG_CXX_LIBRARY = "libc++";
				CLANG_ENABLE_MODULES = YES;
				CLANG_ENABLE_OBJC_ARC = YES;
				CLANG_WARN_BOOL_CONVERSION = YES;
				CLANG_WARN_CONSTANT_CONVERSION = YES;
				CLANG_WARN_DIRECT_OBJC_ISA_USAGE = YES_ERROR;
				CLANG_WARN_DOCUMENTATION_COMMENTS = YES;
				CLANG_WARN_EMPTY_BODY = YES;
				CLANG_WARN_ENUM_CONVERSION = YES;
				CLANG_WARN_INFINITE_RECURSION = YES;
				CLANG_WARN_INT_CONVERSION = YES;
				CLANG_WARN_OBJC_ROOT_CLASS = YES_ERROR;
				CLANG_WARN_SUSPICIOUS_MOVE = YES;
				CLANG_WARN_UNREACHABLE_CODE = YES;
				CLANG_WARN__DUPLICATE_METHOD_MATCH = YES;
				"CODE_SIGN_IDENTITY[sdk=iphoneos*]" = "iPhone Developer";
				COPY_PHASE_STRIP = NO;
				DEBUG_INFORMATION_FORMAT = "dwarf-with-dsym";
				ENABLE_NS_ASSERTIONS = NO;
				ENABLE_STRICT_OBJC_MSGSEND = YES;
				GCC_C_LANGUAGE_STANDARD = gnu99;
				GCC_NO_COMMON_BLOCKS = YES;
				GCC_WARN_64_TO_32_BIT_CONVERSION = YES;
				GCC_WARN_ABOUT_RETURN_TYPE = YES_ERROR;
				GCC_WARN_UNDECLARED_SELECTOR = YES;
				GCC_WARN_UNINITIALIZED_AUTOS = YES_AGGRESSIVE;
				GCC_WARN_UNUSED_FUNCTION = YES;
				GCC_WARN_UNUSED_VARIABLE = YES;
				IPHONEOS_DEPLOYMENT_TARGET = 10.2;
				MTL_ENABLE_DEBUG_INFO = NO;
				SDKROOT = iphoneos;
				SWIFT_OPTIMIZATION_LEVEL = "-Owholemodule";
				VALIDATE_PRODUCT = YES;
			};
			name = Release;
		};
		C29E36D91E3132C9009275AF /* Debug */ = {
			isa = XCBuildConfiguration;
			buildSettings = {
				ASSETCATALOG_COMPILER_APPICON_NAME = AppIcon;
				DEVELOPMENT_TEAM = 36T7HY36LZ;
				INFOPLIST_FILE = FourthMealApp/Info.plist;
				LD_RUNPATH_SEARCH_PATHS = "$(inherited) @executable_path/Frameworks";
				PRODUCT_BUNDLE_IDENTIFIER = com.jaymessina.FourthMealApp;
				PRODUCT_NAME = "$(TARGET_NAME)";
				SWIFT_VERSION = 3.0;
			};
			name = Debug;
		};
		C29E36DA1E3132C9009275AF /* Release */ = {
			isa = XCBuildConfiguration;
			buildSettings = {
				ASSETCATALOG_COMPILER_APPICON_NAME = AppIcon;
				DEVELOPMENT_TEAM = 36T7HY36LZ;
				INFOPLIST_FILE = FourthMealApp/Info.plist;
				LD_RUNPATH_SEARCH_PATHS = "$(inherited) @executable_path/Frameworks";
				PRODUCT_BUNDLE_IDENTIFIER = com.jaymessina.FourthMealApp;
				PRODUCT_NAME = "$(TARGET_NAME)";
				SWIFT_VERSION = 3.0;
			};
			name = Release;
		};
/* End XCBuildConfiguration section */

/* Begin XCConfigurationList section */
		C29E36BE1E3132C8009275AF /* Build configuration list for PBXProject "FourthMealApp" */ = {
			isa = XCConfigurationList;
			buildConfigurations = (
				C29E36D61E3132C9009275AF /* Debug */,
				C29E36D71E3132C9009275AF /* Release */,
			);
			defaultConfigurationIsVisible = 0;
			defaultConfigurationName = Release;
		};
		C29E36D81E3132C9009275AF /* Build configuration list for PBXNativeTarget "FourthMealApp" */ = {
			isa = XCConfigurationList;
			buildConfigurations = (
				C29E36D91E3132C9009275AF /* Debug */,
				C29E36DA1E3132C9009275AF /* Release */,
			);
			defaultConfigurationIsVisible = 0;
		};
/* End XCConfigurationList section */

/* Begin XCVersionGroup section */
		C29E36CD1E3132C9009275AF /* FourthMealApp.xcdatamodeld */ = {
			isa = XCVersionGroup;
			children = (
				C29E36CE1E3132C9009275AF /* FourthMealApp.xcdatamodel */,
			);
			currentVersion = C29E36CE1E3132C9009275AF /* FourthMealApp.xcdatamodel */;
			path = FourthMealApp.xcdatamodeld;
			sourceTree = "<group>";
			versionGroupType = wrapper.xcdatamodel;
		};
/* End XCVersionGroup section */
	};
	rootObject = C29E36BB1E3132C8009275AF /* Project object */;
}
